<?xml version="1.0" encoding="utf-8"?>
<Project ToolsVersion="4.0" xmlns="http://schemas.microsoft.com/developer/msbuild/2003">
  <ItemGroup>
    <Filter Include="Source Files">
      <UniqueIdentifier>{4FC737F1-C7A5-4376-A066-2A32D752A2FF}</UniqueIdentifier>
      <Extensions>cpp;c;cc;cxx;def;odl;idl;hpj;bat;asm;asmx</Extensions>
    </Filter>
    <Filter Include="Header Files">
      <UniqueIdentifier>{93995380-89BD-4b04-88EB-625FBE52EBFB}</UniqueIdentifier>
      <Extensions>h;hh;hpp;hxx;hm;inl;inc;xsd</Extensions>
    </Filter>
    <Filter Include="Resource Files">
      <UniqueIdentifier>{67DA6AB6-F800-4c08-8B7A-83BB121AAD01}</UniqueIdentifier>
      <Extensions>rc;ico;cur;bmp;dlg;rc2;rct;bin;rgs;gif;jpg;jpeg;jpe;resx;tiff;tif;png;wav;mfcribbon-ms</Extensions>
    </Filter>
  </ItemGroup>
  <ItemGroup>
    <ClCompile Include="SDLLP.cpp">
      <Filter>Source Files</Filter>
    </ClCompile>
    <ClCompile Include="Hooking.cpp">
      <Filter>Source Files</Filter>
    </ClCompile>
    <ClCompile Include="PatchT4.cpp">
      <Filter>Source Files</Filter>
    </ClCompile>
    <ClCompile Include="T4.cpp">
      <Filter>Source Files</Filter>
    </ClCompile>
    <ClCompile Include="Utils.cpp">
      <Filter>Source Files</Filter>
    </ClCompile>
    <ClCompile Include="PatchT4NoBorder.cpp">
      <Filter>Source Files</Filter>
    </ClCompile>
    <ClCompile Include="Main.cpp">
      <Filter>Source Files</Filter>
    </ClCompile>
    <ClCompile Include="PatchT4Dvars.cpp">
      <Filter>Source Files</Filter>
    </ClCompile>
    <ClCompile Include="PatchT4Console.cpp">
      <Filter>Source Files</Filter>
    </ClCompile>
    <ClCompile Include="PatchT4Branding.cpp">
      <Filter>Source Files</Filter>
    </ClCompile>
    <ClCompile Include="PatchT4MemoryLimits.cpp">
      <Filter>Source Files</Filter>
    </ClCompile>
    <ClCompile Include="PatchT4FileDebug.cpp">
      <Filter>Source Files</Filter>
    </ClCompile>
    <ClCompile Include="PatchT4Script.cpp">
      <Filter>Source Files</Filter>
    </ClCompile>
    <ClCompile Include="PatchT4Load.cpp">
      <Filter>Source Files</Filter>
    </ClCompile>
    <ClCompile Include="PatchT4Override.cpp">
      <Filter>Source Files</Filter>
    </ClCompile>
    <ClCompile Include="LAAPatch.cpp">
      <Filter>Source Files</Filter>
    </ClCompile>
    <ClCompile Include="PatchT4MP.cpp">
      <Filter>Source Files</Filter>
    </ClCompile>
    <ClCompile Include="PatchT4EWindow.cpp">
      <Filter>Source Files</Filter>
    </ClCompile>
    <ClCompile Include="include\safetyhook.cpp">
      <Filter>Source Files</Filter>
    </ClCompile>
    <ClCompile Include="include\Zydis.c">
      <Filter>Source Files</Filter>
    </ClCompile>
    <ClCompile Include="PatchT4E_Render.cpp">
      <Filter>Source Files</Filter>
    </ClCompile>
    <ClCompile Include="PatchT4E_Shaders.cpp">
      <Filter>Source Files</Filter>
    </ClCompile>
    <ClCompile Include="PatchT4E_Weapons.cpp">
      <Filter>Source Files</Filter>
    </ClCompile>
    <ClCompile Include="PatchT4E_Pathing.cpp">
      <Filter>Source Files</Filter>
    </ClCompile>
    <ClCompile Include="T4E_UI.cpp">
      <Filter>Source Files</Filter>
    </ClCompile>
    <ClCompile Include="PatchT4E_Input.cpp">
      <Filter>Source Files</Filter>
    </ClCompile>
    <ClCompile Include="include\cod\game.cpp">
      <Filter>Source Files</Filter>
    </ClCompile>
    <ClCompile Include="T4E_items.ixx" />
  </ItemGroup>
  <ItemGroup>
    <ClInclude Include="StdInc.h">
      <Filter>Header Files</Filter>
    </ClInclude>
    <ClInclude Include="T4.h">
      <Filter>Header Files</Filter>
    </ClInclude>
    <ClInclude Include="Hooking.h">
      <Filter>Header Files</Filter>
    </ClInclude>
    <ClInclude Include="Utils.h">
      <Filter>Header Files</Filter>
    </ClInclude>
    <ClInclude Include="resource.h">
      <Filter>Header Files</Filter>
    </ClInclude>
    <ClInclude Include="Script.h">
      <Filter>Header Files</Filter>
    </ClInclude>
    <ClInclude Include="SDLLP.h">
      <Filter>Header Files</Filter>
    </ClInclude>
    <ClInclude Include="include\MemoryMgr.h">
      <Filter>Header Files</Filter>
    </ClInclude>
    <ClInclude Include="include\safetyhook.hpp">
      <Filter>Header Files</Filter>
    </ClInclude>
    <ClInclude Include="include\Zydis.h">
      <Filter>Header Files</Filter>
    </ClInclude>
    <ClInclude Include="t4_headers.h">
      <Filter>Header Files</Filter>
    </ClInclude>
    <ClInclude Include="include\mini\ini.h">
      <Filter>Header Files</Filter>
    </ClInclude>
    <ClInclude Include="include\IniReader.h">
      <Filter>Header Files</Filter>
    </ClInclude>
    <ClInclude Include="include\cod\clientscript\clientscript_public.hpp">
      <Filter>Header Files</Filter>
    </ClInclude>
    <ClInclude Include="include\cod\clientscript\cscr_animtree.hpp">
      <Filter>Header Files</Filter>
    </ClInclude>
    <ClInclude Include="include\cod\clientscript\cscr_compiler.hpp">
      <Filter>Header Files</Filter>
    </ClInclude>
    <ClInclude Include="include\cod\clientscript\cscr_main.hpp">
      <Filter>Header Files</Filter>
    </ClInclude>
    <ClInclude Include="include\cod\clientscript\cscr_memorytree.hpp">
      <Filter>Header Files</Filter>
    </ClInclude>
    <ClInclude Include="include\cod\clientscript\cscr_parser.hpp">
      <Filter>Header Files</Filter>
    </ClInclude>
    <ClInclude Include="include\cod\clientscript\cscr_parsetree.hpp">
      <Filter>Header Files</Filter>
    </ClInclude>
    <ClInclude Include="include\cod\clientscript\cscr_readwrite.hpp">
      <Filter>Header Files</Filter>
    </ClInclude>
    <ClInclude Include="include\cod\clientscript\cscr_stringlist.hpp">
      <Filter>Header Files</Filter>
    </ClInclude>
    <ClInclude Include="include\cod\clientscript\cscr_tempmemory.hpp">
      <Filter>Header Files</Filter>
    </ClInclude>
    <ClInclude Include="include\cod\clientscript\cscr_variable.hpp">
      <Filter>Header Files</Filter>
    </ClInclude>
    <ClInclude Include="include\cod\clientscript\cscr_vm.hpp">
      <Filter>Header Files</Filter>
    </ClInclude>
    <ClInclude Include="include\cod\clientscript\cscr_yacc.hpp">
      <Filter>Header Files</Filter>
    </ClInclude>
    <ClInclude Include="include\cod\enums.hpp">
      <Filter>Header Files</Filter>
    </ClInclude>
    <ClInclude Include="include\cod\game.hpp">
      <Filter>Header Files</Filter>
    </ClInclude>
    <ClInclude Include="include\cod\structs.hpp">
      <Filter>Header Files</Filter>
    </ClInclude>
    <ClInclude Include="include\cod\xasset.hpp">
      <Filter>Header Files</Filter>
    </ClInclude>
    <ClInclude Include="include\hexrays_defs.h">
      <Filter>Header Files</Filter>
    </ClInclude>
    <ClInclude Include="include\Stdinc.hpp">
      <Filter>Header Files</Filter>
    </ClInclude>
    <ClInclude Include="Resource\Detours.h">
      <Filter>Resource Files</Filter>
    </ClInclude>
    <ClInclude Include="Resource\Typedef.h">
      <Filter>Resource Files</Filter>
    </ClInclude>
  </ItemGroup>
  <ItemGroup>
    <ResourceCompile Include="t4m.rc">
      <Filter>Resource Files</Filter>
    </ResourceCompile>
  </ItemGroup>
  <ItemGroup>
    <None Include="Resource\.text">
      <Filter>Resource Files</Filter>
    </None>
  </ItemGroup>
  <ItemGroup>
    <Library Include="Resource\detours.lib">
      <Filter>Resource Files</Filter>
    </Library>
  </ItemGroup>
</Project>